# This file was autogenerated by Stack.
# You should not edit this file by hand.
# For more information, please see the documentation at:
#   https://docs.haskellstack.org/en/stable/lock_files

packages:
- completed:
    hackage: attoparsec-aeson-2.1.0.0@sha256:fa83aba43bfa58490de8f274d19b9d58b6403a207b12cac5f93922102b084c52,1154
    pantry-tree:
      sha256: 294c3a8a19a7ddad58097e18c624c6b34894b3c4a4cc490759cb31d842db242a
      size: 114
  original:
    hackage: attoparsec-aeson-2.1.0.0@sha256:fa83aba43bfa58490de8f274d19b9d58b6403a207b12cac5f93922102b084c52,1154
- completed:
    hackage: hedgehog-1.0.5@sha256:85a2d8df595c91b815e9d2ef7734189d7028ce16212e83f35b2221807d87770b,4368
    pantry-tree:
      size: 2575
      sha256: 9189de078d9bddcf9b2bf6e6a11a7dbcc2fec962b081e0a4b58301b14f6e25a7
  original:
    hackage: hedgehog-1.0.5@sha256:85a2d8df595c91b815e9d2ef7734189d7028ce16212e83f35b2221807d87770b,4368
- completed:
    hackage: hspec-hedgehog-0.0.1.2@sha256:4d09c7be34cdc941b78e4e964f71013ffeeb099ea32d8ede17ad9c03ae7a62e3,1470
    pantry-tree:
      size: 379
      sha256: 8f67eea5401371f7e1ea44f2b74130e2b3b2cc16eec28b097f72c7ffbb56a58c
  original:
    hackage: hspec-hedgehog-0.0.1.2@sha256:4d09c7be34cdc941b78e4e964f71013ffeeb099ea32d8ede17ad9c03ae7a62e3,1470
snapshots:
- completed:
    size: 496120
    url: https://raw.githubusercontent.com/commercialhaskell/stackage-snapshots/master/lts/15/16.yaml
    sha256: cf30623a2c147f51eecc8f9d6440f5d1b671af21380505e633faff32b565f3d5
  original: lts-15.16
