# This file was autogenerated by Stack.
# You should not edit this file by hand.
# For more information, please see the documentation at:
#   https://docs.haskellstack.org/en/stable/lock_files

packages:
- completed:
    hackage: attoparsec-aeson-2.1.0.0@sha256:fa83aba43bfa58490de8f274d19b9d58b6403a207b12cac5f93922102b084c52,1154
    pantry-tree:
      sha256: 294c3a8a19a7ddad58097e18c624c6b34894b3c4a4cc490759cb31d842db242a
      size: 114
  original:
    hackage: attoparsec-aeson-2.1.0.0@sha256:fa83aba43bfa58490de8f274d19b9d58b6403a207b12cac5f93922102b084c52,1154
- completed:
    hackage: hedgehog-1.0.5@sha256:85a2d8df595c91b815e9d2ef7734189d7028ce16212e83f35b2221807d87770b,4368
    pantry-tree:
      size: 2575
      sha256: 9189de078d9bddcf9b2bf6e6a11a7dbcc2fec962b081e0a4b58301b14f6e25a7
  original:
    hackage: hedgehog-1.0.5@sha256:85a2d8df595c91b815e9d2ef7734189d7028ce16212e83f35b2221807d87770b,4368
- completed:
    hackage: hspec-2.7.1@sha256:0aa48928ce80a34f8ff8c5ef114bb6807edfb8d884bcd7211eceed710e7fb7a8,1769
    pantry-tree:
      size: 532
      sha256: 8128733a7ef4760bbe5d978f2145fdcb29f4491b17db11e8c05b409441ceecb4
  original:
    hackage: hspec-2.7.1@sha256:0aa48928ce80a34f8ff8c5ef114bb6807edfb8d884bcd7211eceed710e7fb7a8,1769
- completed:
    hackage: hspec-core-2.7.1@sha256:ead64b6d552e477549624fc9de3658657faac0dabf7109f889d595be05547bbf,4594
    pantry-tree:
      size: 3601
      sha256: 22fd4a0b7391f22e0f5956a00b575b2d7d61fbf59c989c73213a71fd2e712e5a
  original:
    hackage: hspec-core-2.7.1@sha256:ead64b6d552e477549624fc9de3658657faac0dabf7109f889d595be05547bbf,4594
- completed:
    hackage: hspec-discover-2.7.1@sha256:e8ce36741c06b41de58069814a7d3b7314bdeaab35ae573e3c924739011e0c29,2243
    pantry-tree:
      size: 1080
      sha256: 2d1c4ccbd0c9047311d1bd24989714df844003c258964ef65d542f6627dc0fed
  original:
    hackage: hspec-discover-2.7.1@sha256:e8ce36741c06b41de58069814a7d3b7314bdeaab35ae573e3c924739011e0c29,2243
- completed:
    hackage: hspec-hedgehog-0.0.1.2@sha256:4d09c7be34cdc941b78e4e964f71013ffeeb099ea32d8ede17ad9c03ae7a62e3,1470
    pantry-tree:
      size: 379
      sha256: 8f67eea5401371f7e1ea44f2b74130e2b3b2cc16eec28b097f72c7ffbb56a58c
  original:
    hackage: hspec-hedgehog-0.0.1.2@sha256:4d09c7be34cdc941b78e4e964f71013ffeeb099ea32d8ede17ad9c03ae7a62e3,1470
- completed:
    hackage: QuickCheck-2.14.2@sha256:4ce29211223d5e6620ebceba34a3ca9ccf1c10c0cf387d48aea45599222ee5aa,7736
    pantry-tree:
      size: 2315
      sha256: 2fe423d0ed7cd64f0f165d708779f48814e66c4f181c568468134af55d86a5f8
  original:
    hackage: QuickCheck-2.14.2@sha256:4ce29211223d5e6620ebceba34a3ca9ccf1c10c0cf387d48aea45599222ee5aa,7736
- completed:
    hackage: random-1.2.0@sha256:30d72df4cc1d2fe2d445c88f0ee9d21965af7ce86660c43a6c32a6a1d90d51c9,6094
    pantry-tree:
      size: 1259
      sha256: 92b5a834ba603ee4d006968a75847f4fd93a566b8a96e1b463b8229f8ce9961d
  original:
    hackage: random-1.2.0@sha256:30d72df4cc1d2fe2d445c88f0ee9d21965af7ce86660c43a6c32a6a1d90d51c9,6094
- completed:
    hackage: splitmix-0.1.0.3@sha256:fc3aae74c467f4b608050bef53aec17904a618731df9407e655d8f3bf8c32d5c,6049
    pantry-tree:
      size: 1400
      sha256: 8290f921f41c3628a6c9871502e57fd1d25f5954967afbf4ed16717fd8d3656f
  original:
    hackage: splitmix-0.1.0.3@sha256:fc3aae74c467f4b608050bef53aec17904a618731df9407e655d8f3bf8c32d5c,6049
- completed:
    hackage: uuid-types-1.0.5@sha256:5031383749d57cb95877d7e56f0300be66652b6e57f5ba6681dcc6e4f78d046d,2541
    pantry-tree:
      size: 480
      sha256: e11a2bc87a8c811480a62f6cf08a2e53480b468b0fdf6fbe1c063f207b6aa796
  original:
    hackage: uuid-types-1.0.5
snapshots:
- completed:
    size: 509471
    url: https://raw.githubusercontent.com/commercialhaskell/stackage-snapshots/master/lts/12/26.yaml
    sha256: 95f014df58d0679b1c4a2b7bf2b652b61da8d30de5f571abb0d59015ef678646
  original: lts-12.26
