# This file was autogenerated by Stack.
# You should not edit this file by hand.
# For more information, please see the documentation at:
#   https://docs.haskellstack.org/en/stable/lock_files

packages:
- completed:
    hackage: attoparsec-aeson-2.1.0.0@sha256:fa83aba43bfa58490de8f274d19b9d58b6403a207b12cac5f93922102b084c52,1154
    pantry-tree:
      sha256: 294c3a8a19a7ddad58097e18c624c6b34894b3c4a4cc490759cb31d842db242a
      size: 114
  original:
    hackage: attoparsec-aeson-2.1.0.0@sha256:fa83aba43bfa58490de8f274d19b9d58b6403a207b12cac5f93922102b084c52,1154
snapshots:
- completed:
    size: 567241
    url: https://raw.githubusercontent.com/commercialhaskell/stackage-snapshots/master/lts/17/10.yaml
    sha256: 321b3b9f0c7f76994b39e0dabafdc76478274b4ff74cc5e43d410897a335ad3b
  original: lts-17.10
