# This file was autogenerated by Stack.
# You should not edit this file by hand.
# For more information, please see the documentation at:
#   https://docs.haskellstack.org/en/stable/lock_files

packages:
- completed:
    hackage: envy-1.5.1.0@sha256:a00910ebf461ec36ff6b7b01711bffe09cee062b7515c4580c466002590283a2,1683
    pantry-tree:
      size: 368
      sha256: 85ed121176a3b9cff9221af50077c45181ab2fe0e4ffe5273aaf57daef197b0a
  original:
    hackage: envy-1.5.1.0@sha256:a00910ebf461ec36ff6b7b01711bffe09cee062b7515c4580c466002590283a2,1683
snapshots:
- completed:
    size: 531718
    url: https://raw.githubusercontent.com/commercialhaskell/stackage-snapshots/master/lts/16/6.yaml
    sha256: 230a7266fc11f76222bd3bb68e9503ed11d553060a752f164bff6753ed03e271
  original: lts-16.6
